{
    "_readme": [
        "This file locks the dependencies of your project to a known state",
        "Read more about it at https://getcomposer.org/doc/01-basic-usage.md#composer-lock-the-lock-file",
        "This file is @generated automatically"
    ],
    "content-hash": "681bc751f5840bfb68e22368954554cb",
    "packages": [
        {
            "name": "simplon/mustache",
            "version": "0.1.14",
            "source": {
                "type": "git",
                "url": "https://github.com/fightbulc/simplon_mustache.git",
                "reference": "00d95584b4bf8e64e1c3974966dbd13cabc7fe2c"
            },
            "dist": {
                "type": "zip",
                "url": "https://api.github.com/repos/fightbulc/simplon_mustache/zipball/00d95584b4bf8e64e1c3974966dbd13cabc7fe2c",
                "reference": "00d95584b4bf8e64e1c3974966dbd13cabc7fe2c",
                "shasum": ""
            },
            "require": {
                "php": ">=5.4"
            },
            "type": "library",
            "autoload": {
                "psr-4": {
                    "Simplon\\Mustache\\": "src/"
                }
            },
            "notification-url": "https://packagist.org/downloads/",
            "license": [
                "MIT"
            ],
            "authors": [
                {
                    "name": "Tino Ehrich",
                    "email": "tino@bigpun.me",
                    "role": "developer"
                }
            ],
            "description": "Lightweight & fast implementation of Mustache - Logic-less templates.",
            "homepage": "https://github.com/fightbulc/simplon_mustache",
            "keywords": [
                "fast",
                "leightweight",
                "less",
                "logic",
                "logic-less",
                "mustache",
                "template"
            ],
            "time": "2015-02-07T21:44:54+00:00"
        },
        {
            "name": "simplon/phtml",
            "version": "0.2.0",
            "source": {
                "type": "git",
                "url": "https://github.com/fightbulc/simplon_phtml.git",
                "reference": "89a7a1dbf9ab70dbfba8a7170897129d533bb5ae"
            },
            "dist": {
                "type": "zip",
                "url": "https://api.github.com/repos/fightbulc/simplon_phtml/zipball/89a7a1dbf9ab70dbfba8a7170897129d533bb5ae",
                "reference": "89a7a1dbf9ab70dbfba8a7170897129d533bb5ae",
                "shasum": ""
            },
            "require": {
                "php": ">=5.4"
            },
            "type": "library",
            "autoload": {
                "psr-4": {
                    "Simplon\\Phtml\\": "src/"
                }
            },
            "notification-url": "https://packagist.org/downloads/",
            "license": [
                "MIT"
            ],
            "authors": [
                {
                    "name": "Tino Ehrich",
                    "email": "tino@bigpun.me",
                    "role": "developer"
                }
            ],
            "description": "Simple, straight forward implementation of php templates.",
            "homepage": "https://github.com/fightbulc/simplon_phtml",
            "keywords": [
                "php",
                "phtml",
                "template"
            ],
            "time": "2017-02-23T17:14:23+00:00"
        }
    ],
    "packages-dev": [],
    "aliases": [],
    "minimum-stability": "stable",
    "stability-flags": [],
    "prefer-stable": false,
    "prefer-lowest": false,
    "platform": {
        "php": ">=5.4"
    },
    "platform-dev": []
}
